// !$*UTF8*$!
{
	archiveVersion = 1;
	classes = {
	};
	objectVersion = 50;
	objects = {

/* Begin PBXBuildFile section */
		CD105E2320B4D041005A8446 /* GradientView.swift in Sources */ = {isa = PBXBuildFile; fileRef = CD105E2220B4D041005A8446 /* GradientView.swift */; };
		CD105E2520B4D05E005A8446 /* RoundedButton.swift in Sources */ = {isa = PBXBuildFile; fileRef = CD105E2420B4D05E005A8446 /* RoundedButton.swift */; };
		CD105E2720B4D128005A8446 /* Constants.swift in Sources */ = {isa = PBXBuildFile; fileRef = CD105E2620B4D128005A8446 /* Constants.swift */; };
		CD105E2920B4D97F005A8446 /* QuizVC.swift in Sources */ = {isa = PBXBuildFile; fileRef = CD105E2820B4D97F005A8446 /* QuizVC.swift */; };
		CD13BF4F20C5DD0D00F6BE98 /* PFNavigationDropdownMenu.m in Sources */ = {isa = PBXBuildFile; fileRef = CD13BF4520C5DD0700F6BE98 /* PFNavigationDropdownMenu.m */; };
		CD13BF5020C5DD0D00F6BE98 /* PFTableViewCell.m in Sources */ = {isa = PBXBuildFile; fileRef = CD13BF4920C5DD0A00F6BE98 /* PFTableViewCell.m */; };
		CD13BF5120C5DD0D00F6BE98 /* PFConfiguration.m in Sources */ = {isa = PBXBuildFile; fileRef = CD13BF4A20C5DD0A00F6BE98 /* PFConfiguration.m */; };
		CD13BF5220C5DD0D00F6BE98 /* PFTableView.m in Sources */ = {isa = PBXBuildFile; fileRef = CD13BF4C20C5DD0C00F6BE98 /* PFTableView.m */; };
		CD13BF5320C5DD0D00F6BE98 /* PFTableCellContentView.m in Sources */ = {isa = PBXBuildFile; fileRef = CD13BF4D20C5DD0C00F6BE98 /* PFTableCellContentView.m */; };
		CD13BF5520C5E54C00F6BE98 /* DataStructuresVC.swift in Sources */ = {isa = PBXBuildFile; fileRef = CD13BF5420C5E54C00F6BE98 /* DataStructuresVC.swift */; };
		CD13BF5720C5E74C00F6BE98 /* RegexVC.swift in Sources */ = {isa = PBXBuildFile; fileRef = CD13BF5620C5E74C00F6BE98 /* RegexVC.swift */; };
		CD13BF5A20C5F2DC00F6BE98 /* GoogleVC.swift in Sources */ = {isa = PBXBuildFile; fileRef = CD13BF5920C5F2DC00F6BE98 /* GoogleVC.swift */; };
		CD13BF5C20C5F31600F6BE98 /* TutorialsPointVC.swift in Sources */ = {isa = PBXBuildFile; fileRef = CD13BF5B20C5F31600F6BE98 /* TutorialsPointVC.swift */; };
		CD13BF5E20C5F69000F6BE98 /* JavaVC.swift in Sources */ = {isa = PBXBuildFile; fileRef = CD13BF5D20C5F69000F6BE98 /* JavaVC.swift */; };
		CD13BF6020C5F6A400F6BE98 /* C++VC.swift in Sources */ = {isa = PBXBuildFile; fileRef = CD13BF5F20C5F6A400F6BE98 /* C++VC.swift */; };
		CD13BF6220C5F6B100F6BE98 /* SwiftVC.swift in Sources */ = {isa = PBXBuildFile; fileRef = CD13BF6120C5F6B100F6BE98 /* SwiftVC.swift */; };
		CD13BF6420C5FE2500F6BE98 /* JavaWeb.swift in Sources */ = {isa = PBXBuildFile; fileRef = CD13BF6320C5FE2500F6BE98 /* JavaWeb.swift */; };
		CD13BF6620C5FE4D00F6BE98 /* C++Web.swift in Sources */ = {isa = PBXBuildFile; fileRef = CD13BF6520C5FE4D00F6BE98 /* C++Web.swift */; };
		CD13BF6820C5FE5B00F6BE98 /* SwiftWeb.swift in Sources */ = {isa = PBXBuildFile; fileRef = CD13BF6720C5FE5B00F6BE98 /* SwiftWeb.swift */; };
		CD341B7B20C18ACB005D3EC9 /* GoogleService-Info.plist in Resources */ = {isa = PBXBuildFile; fileRef = CD341B7A20C18ACB005D3EC9 /* GoogleService-Info.plist */; };
		CD57227620C68C44007B9B72 /* JavaTestVC.swift in Sources */ = {isa = PBXBuildFile; fileRef = CD57227520C68C44007B9B72 /* JavaTestVC.swift */; };
		CD57227820C68C5E007B9B72 /* C++TestVC.swift in Sources */ = {isa = PBXBuildFile; fileRef = CD57227720C68C5E007B9B72 /* C++TestVC.swift */; };
		CD57227A20C68C6D007B9B72 /* SwiftTestVC.swift in Sources */ = {isa = PBXBuildFile; fileRef = CD57227920C68C6D007B9B72 /* SwiftTestVC.swift */; };
		CD57227C20C6B814007B9B72 /* ResultVC.swift in Sources */ = {isa = PBXBuildFile; fileRef = CD57227B20C6B814007B9B72 /* ResultVC.swift */; };
		CD57227E20C72040007B9B72 /* GoogleService-Info.plist in Resources */ = {isa = PBXBuildFile; fileRef = CD57227D20C72040007B9B72 /* GoogleService-Info.plist */; };
		CD77675820B8460D00E789F9 /* CustomCell.swift in Sources */ = {isa = PBXBuildFile; fileRef = CD77675720B8460D00E789F9 /* CustomCell.swift */; };
		CD77675A20B84C2D00E789F9 /* LearningTopic.swift in Sources */ = {isa = PBXBuildFile; fileRef = CD77675920B84C2D00E789F9 /* LearningTopic.swift */; };
		CD77675C20B84E4700E789F9 /* DataService.swift in Sources */ = {isa = PBXBuildFile; fileRef = CD77675B20B84E4700E789F9 /* DataService.swift */; };
		CD9CB15220ADA0E90025E093 /* AppDelegate.swift in Sources */ = {isa = PBXBuildFile; fileRef = CD9CB15120ADA0E90025E093 /* AppDelegate.swift */; };
		CD9CB15420ADA0E90025E093 /* LeftMenu.swift in Sources */ = {isa = PBXBuildFile; fileRef = CD9CB15320ADA0E90025E093 /* LeftMenu.swift */; };
		CD9CB15720ADA0E90025E093 /* Main.storyboard in Resources */ = {isa = PBXBuildFile; fileRef = CD9CB15520ADA0E90025E093 /* Main.storyboard */; };
		CD9CB15920ADA0EA0025E093 /* Assets.xcassets in Resources */ = {isa = PBXBuildFile; fileRef = CD9CB15820ADA0EA0025E093 /* Assets.xcassets */; };
		CD9CB15C20ADA0EA0025E093 /* LaunchScreen.storyboard in Resources */ = {isa = PBXBuildFile; fileRef = CD9CB15A20ADA0EA0025E093 /* LaunchScreen.storyboard */; };
		CD9CB16A20ADA2260025E093 /* SWRevealViewController.m in Sources */ = {isa = PBXBuildFile; fileRef = CD9CB16820ADA2250025E093 /* SWRevealViewController.m */; };
		CDAFAC1E20C339120003BF6F /* LoginVC.swift in Sources */ = {isa = PBXBuildFile; fileRef = CDAFAC1D20C339120003BF6F /* LoginVC.swift */; };
		CDAFAC2020C3392A0003BF6F /* CreateAccountVC.swift in Sources */ = {isa = PBXBuildFile; fileRef = CDAFAC1F20C3392A0003BF6F /* CreateAccountVC.swift */; };
		CDBBC9B720C53DFE006A0546 /* AlertController.swift in Sources */ = {isa = PBXBuildFile; fileRef = CDBBC9B620C53DFE006A0546 /* AlertController.swift */; };
		CDDAD39120C5B47C0047BF7C /* AlgorithmsVC.swift in Sources */ = {isa = PBXBuildFile; fileRef = CDDAD39020C5B47C0047BF7C /* AlgorithmsVC.swift */; };
		D36FF0FD1B2EEDA653A393B1 /* Pods_Mobile_Testing.framework in Frameworks */ = {isa = PBXBuildFile; fileRef = 1FF3D9376368C8D8012DD198 /* Pods_Mobile_Testing.framework */; settings = {ATTRIBUTES = (Required, ); }; };
/* End PBXBuildFile section */

/* Begin PBXFileReference section */
		1FF3D9376368C8D8012DD198 /* Pods_Mobile_Testing.framework */ = {isa = PBXFileReference; explicitFileType = wrapper.framework; includeInIndex = 0; path = Pods_Mobile_Testing.framework; sourceTree = BUILT_PRODUCTS_DIR; };
		83EB4F493C774792C0D2F6D2 /* Pods-Mobile Testing.release.xcconfig */ = {isa = PBXFileReference; includeInIndex = 1; lastKnownFileType = text.xcconfig; name = "Pods-Mobile Testing.release.xcconfig"; path = "Pods/Target Support Files/Pods-Mobile Testing/Pods-Mobile Testing.release.xcconfig"; sourceTree = "<group>"; };
		CD105E2220B4D041005A8446 /* GradientView.swift */ = {isa = PBXFileReference; lastKnownFileType = sourcecode.swift; path = GradientView.swift; sourceTree = "<group>"; };
		CD105E2420B4D05E005A8446 /* RoundedButton.swift */ = {isa = PBXFileReference; lastKnownFileType = sourcecode.swift; path = RoundedButton.swift; sourceTree = "<group>"; };
		CD105E2620B4D128005A8446 /* Constants.swift */ = {isa = PBXFileReference; lastKnownFileType = sourcecode.swift; path = Constants.swift; sourceTree = "<group>"; };
		CD105E2820B4D97F005A8446 /* QuizVC.swift */ = {isa = PBXFileReference; lastKnownFileType = sourcecode.swift; path = QuizVC.swift; sourceTree = "<group>"; };
		CD13BF4420C5DD0600F6BE98 /* PFNavigationDropdownMenu.h */ = {isa = PBXFileReference; lastKnownFileType = sourcecode.c.h; path = PFNavigationDropdownMenu.h; sourceTree = "<group>"; };
		CD13BF4520C5DD0700F6BE98 /* PFNavigationDropdownMenu.m */ = {isa = PBXFileReference; lastKnownFileType = sourcecode.c.objc; path = PFNavigationDropdownMenu.m; sourceTree = "<group>"; };
		CD13BF4620C5DD0800F6BE98 /* PFNavigationDropdownMenu.bundle */ = {isa = PBXFileReference; lastKnownFileType = "wrapper.plug-in"; path = PFNavigationDropdownMenu.bundle; sourceTree = "<group>"; };
		CD13BF4720C5DD0800F6BE98 /* PFTableViewCell.h */ = {isa = PBXFileReference; lastKnownFileType = sourcecode.c.h; path = PFTableViewCell.h; sourceTree = "<group>"; };
		CD13BF4820C5DD0900F6BE98 /* PFTableCellContentView.h */ = {isa = PBXFileReference; lastKnownFileType = sourcecode.c.h; path = PFTableCellContentView.h; sourceTree = "<group>"; };
		CD13BF4920C5DD0A00F6BE98 /* PFTableViewCell.m */ = {isa = PBXFileReference; lastKnownFileType = sourcecode.c.objc; path = PFTableViewCell.m; sourceTree = "<group>"; };
		CD13BF4A20C5DD0A00F6BE98 /* PFConfiguration.m */ = {isa = PBXFileReference; lastKnownFileType = sourcecode.c.objc; path = PFConfiguration.m; sourceTree = "<group>"; };
		CD13BF4B20C5DD0B00F6BE98 /* PFTableView.h */ = {isa = PBXFileReference; lastKnownFileType = sourcecode.c.h; path = PFTableView.h; sourceTree = "<group>"; };
		CD13BF4C20C5DD0C00F6BE98 /* PFTableView.m */ = {isa = PBXFileReference; lastKnownFileType = sourcecode.c.objc; path = PFTableView.m; sourceTree = "<group>"; };
		CD13BF4D20C5DD0C00F6BE98 /* PFTableCellContentView.m */ = {isa = PBXFileReference; lastKnownFileType = sourcecode.c.objc; path = PFTableCellContentView.m; sourceTree = "<group>"; };
		CD13BF4E20C5DD0D00F6BE98 /* PFConfiguration.h */ = {isa = PBXFileReference; lastKnownFileType = sourcecode.c.h; path = PFConfiguration.h; sourceTree = "<group>"; };
		CD13BF5420C5E54C00F6BE98 /* DataStructuresVC.swift */ = {isa = PBXFileReference; lastKnownFileType = sourcecode.swift; path = DataStructuresVC.swift; sourceTree = "<group>"; };
		CD13BF5620C5E74C00F6BE98 /* RegexVC.swift */ = {isa = PBXFileReference; lastKnownFileType = sourcecode.swift; path = RegexVC.swift; sourceTree = "<group>"; };
		CD13BF5920C5F2DC00F6BE98 /* GoogleVC.swift */ = {isa = PBXFileReference; lastKnownFileType = sourcecode.swift; path = GoogleVC.swift; sourceTree = "<group>"; };
		CD13BF5B20C5F31600F6BE98 /* TutorialsPointVC.swift */ = {isa = PBXFileReference; lastKnownFileType = sourcecode.swift; path = TutorialsPointVC.swift; sourceTree = "<group>"; };
		CD13BF5D20C5F69000F6BE98 /* JavaVC.swift */ = {isa = PBXFileReference; lastKnownFileType = sourcecode.swift; path = JavaVC.swift; sourceTree = "<group>"; };
		CD13BF5F20C5F6A400F6BE98 /* C++VC.swift */ = {isa = PBXFileReference; lastKnownFileType = sourcecode.swift; path = "C++VC.swift"; sourceTree = "<group>"; };
		CD13BF6120C5F6B100F6BE98 /* SwiftVC.swift */ = {isa = PBXFileReference; lastKnownFileType = sourcecode.swift; path = SwiftVC.swift; sourceTree = "<group>"; };
		CD13BF6320C5FE2500F6BE98 /* JavaWeb.swift */ = {isa = PBXFileReference; lastKnownFileType = sourcecode.swift; path = JavaWeb.swift; sourceTree = "<group>"; };
		CD13BF6520C5FE4D00F6BE98 /* C++Web.swift */ = {isa = PBXFileReference; lastKnownFileType = sourcecode.swift; path = "C++Web.swift"; sourceTree = "<group>"; };
		CD13BF6720C5FE5B00F6BE98 /* SwiftWeb.swift */ = {isa = PBXFileReference; lastKnownFileType = sourcecode.swift; path = SwiftWeb.swift; sourceTree = "<group>"; };
		CD341B7A20C18ACB005D3EC9 /* GoogleService-Info.plist */ = {isa = PBXFileReference; fileEncoding = 4; lastKnownFileType = text.plist.xml; path = "GoogleService-Info.plist"; sourceTree = "<group>"; };
		CD57227520C68C44007B9B72 /* JavaTestVC.swift */ = {isa = PBXFileReference; lastKnownFileType = sourcecode.swift; path = JavaTestVC.swift; sourceTree = "<group>"; };
		CD57227720C68C5E007B9B72 /* C++TestVC.swift */ = {isa = PBXFileReference; lastKnownFileType = sourcecode.swift; path = "C++TestVC.swift"; sourceTree = "<group>"; };
		CD57227920C68C6D007B9B72 /* SwiftTestVC.swift */ = {isa = PBXFileReference; lastKnownFileType = sourcecode.swift; path = SwiftTestVC.swift; sourceTree = "<group>"; };
		CD57227B20C6B814007B9B72 /* ResultVC.swift */ = {isa = PBXFileReference; lastKnownFileType = sourcecode.swift; path = ResultVC.swift; sourceTree = "<group>"; };
		CD57227D20C72040007B9B72 /* GoogleService-Info.plist */ = {isa = PBXFileReference; fileEncoding = 4; lastKnownFileType = text.plist.xml; path = "GoogleService-Info.plist"; sourceTree = "<group>"; };
		CD77675720B8460D00E789F9 /* CustomCell.swift */ = {isa = PBXFileReference; lastKnownFileType = sourcecode.swift; path = CustomCell.swift; sourceTree = "<group>"; };
		CD77675920B84C2D00E789F9 /* LearningTopic.swift */ = {isa = PBXFileReference; lastKnownFileType = sourcecode.swift; path = LearningTopic.swift; sourceTree = "<group>"; };
		CD77675B20B84E4700E789F9 /* DataService.swift */ = {isa = PBXFileReference; lastKnownFileType = sourcecode.swift; path = DataService.swift; sourceTree = "<group>"; };
		CD9CB14E20ADA0E80025E093 /* Mobile Testing.app */ = {isa = PBXFileReference; explicitFileType = wrapper.application; includeInIndex = 0; path = "Mobile Testing.app"; sourceTree = BUILT_PRODUCTS_DIR; };
		CD9CB15120ADA0E90025E093 /* AppDelegate.swift */ = {isa = PBXFileReference; lastKnownFileType = sourcecode.swift; path = AppDelegate.swift; sourceTree = "<group>"; };
		CD9CB15320ADA0E90025E093 /* LeftMenu.swift */ = {isa = PBXFileReference; lastKnownFileType = sourcecode.swift; path = LeftMenu.swift; sourceTree = "<group>"; };
		CD9CB15620ADA0E90025E093 /* Base */ = {isa = PBXFileReference; lastKnownFileType = file.storyboard; name = Base; path = Base.lproj/Main.storyboard; sourceTree = "<group>"; };
		CD9CB15820ADA0EA0025E093 /* Assets.xcassets */ = {isa = PBXFileReference; lastKnownFileType = folder.assetcatalog; path = Assets.xcassets; sourceTree = "<group>"; };
		CD9CB15B20ADA0EA0025E093 /* Base */ = {isa = PBXFileReference; lastKnownFileType = file.storyboard; name = Base; path = Base.lproj/LaunchScreen.storyboard; sourceTree = "<group>"; };
		CD9CB15D20ADA0EA0025E093 /* Info.plist */ = {isa = PBXFileReference; lastKnownFileType = text.plist.xml; path = Info.plist; sourceTree = "<group>"; };
		CD9CB16720ADA2250025E093 /* Mobile Testing-Bridging-Header.h */ = {isa = PBXFileReference; lastKnownFileType = sourcecode.c.h; path = "Mobile Testing-Bridging-Header.h"; sourceTree = "<group>"; };
		CD9CB16820ADA2250025E093 /* SWRevealViewController.m */ = {isa = PBXFileReference; fileEncoding = 4; lastKnownFileType = sourcecode.c.objc; path = SWRevealViewController.m; sourceTree = "<group>"; };
		CD9CB16920ADA2260025E093 /* SWRevealViewController.h */ = {isa = PBXFileReference; fileEncoding = 4; lastKnownFileType = sourcecode.c.h; path = SWRevealViewController.h; sourceTree = "<group>"; };
		CDAFAC1D20C339120003BF6F /* LoginVC.swift */ = {isa = PBXFileReference; lastKnownFileType = sourcecode.swift; path = LoginVC.swift; sourceTree = "<group>"; };
		CDAFAC1F20C3392A0003BF6F /* CreateAccountVC.swift */ = {isa = PBXFileReference; lastKnownFileType = sourcecode.swift; path = CreateAccountVC.swift; sourceTree = "<group>"; };
		CDBBC9B620C53DFE006A0546 /* AlertController.swift */ = {isa = PBXFileReference; lastKnownFileType = sourcecode.swift; path = AlertController.swift; sourceTree = "<group>"; };
		CDDAD39020C5B47C0047BF7C /* AlgorithmsVC.swift */ = {isa = PBXFileReference; lastKnownFileType = sourcecode.swift; path = AlgorithmsVC.swift; sourceTree = "<group>"; };
		CDDAD39220C5CB8F0047BF7C /* ARCL.framework */ = {isa = PBXFileReference; explicitFileType = wrapper.framework; path = ARCL.framework; sourceTree = BUILT_PRODUCTS_DIR; };
		CDDAD39420C5CB8F0047BF7C /* BTNavigationDropdownMenu.framework */ = {isa = PBXFileReference; explicitFileType = wrapper.framework; path = BTNavigationDropdownMenu.framework; sourceTree = BUILT_PRODUCTS_DIR; };
		CDDAD39620C5CB8F0047BF7C /* FirebaseAuth.framework */ = {isa = PBXFileReference; explicitFileType = wrapper.framework; path = FirebaseAuth.framework; sourceTree = BUILT_PRODUCTS_DIR; };
		CDDAD39820C5CB8F0047BF7C /* FirebaseCore.framework */ = {isa = PBXFileReference; explicitFileType = wrapper.framework; path = FirebaseCore.framework; sourceTree = BUILT_PRODUCTS_DIR; };
		CDDAD39A20C5CB8F0047BF7C /* FirebaseDatabase.framework */ = {isa = PBXFileReference; explicitFileType = wrapper.framework; path = FirebaseDatabase.framework; sourceTree = BUILT_PRODUCTS_DIR; };
		CDDAD39C20C5CB8F0047BF7C /* FirebaseStorage.framework */ = {isa = PBXFileReference; explicitFileType = wrapper.framework; path = FirebaseStorage.framework; sourceTree = BUILT_PRODUCTS_DIR; };
		CDDAD39E20C5CB8F0047BF7C /* GoogleToolboxForMac.framework */ = {isa = PBXFileReference; explicitFileType = wrapper.framework; path = GoogleToolboxForMac.framework; sourceTree = BUILT_PRODUCTS_DIR; };
		CDDAD3A020C5CB8F0047BF7C /* GTMSessionFetcher.framework */ = {isa = PBXFileReference; explicitFileType = wrapper.framework; path = GTMSessionFetcher.framework; sourceTree = BUILT_PRODUCTS_DIR; };
		CDDAD3A220C5CB8F0047BF7C /* KeychainSwift.framework */ = {isa = PBXFileReference; explicitFileType = wrapper.framework; path = KeychainSwift.framework; sourceTree = BUILT_PRODUCTS_DIR; };
		CDDAD3A420C5CB8F0047BF7C /* leveldb.framework */ = {isa = PBXFileReference; explicitFileType = wrapper.framework; path = leveldb.framework; sourceTree = BUILT_PRODUCTS_DIR; };
		CDDAD3A620C5CB8F0047BF7C /* nanopb.framework */ = {isa = PBXFileReference; explicitFileType = wrapper.framework; path = nanopb.framework; sourceTree = BUILT_PRODUCTS_DIR; };
		CDDAD3A820C5CB8F0047BF7C /* SnapKit.framework */ = {isa = PBXFileReference; explicitFileType = wrapper.framework; path = SnapKit.framework; sourceTree = BUILT_PRODUCTS_DIR; };
		F89FB8FA71625D4BD3D61C1A /* Pods-Mobile Testing.debug.xcconfig */ = {isa = PBXFileReference; includeInIndex = 1; lastKnownFileType = text.xcconfig; name = "Pods-Mobile Testing.debug.xcconfig"; path = "Pods/Target Support Files/Pods-Mobile Testing/Pods-Mobile Testing.debug.xcconfig"; sourceTree = "<group>"; };
/* End PBXFileReference section */

/* Begin PBXFrameworksBuildPhase section */
		CD9CB14B20ADA0E80025E093 /* Frameworks */ = {
			isa = PBXFrameworksBuildPhase;
			buildActionMask = 2147483647;
			files = (
				D36FF0FD1B2EEDA653A393B1 /* Pods_Mobile_Testing.framework in Frameworks */,
			);
			runOnlyForDeploymentPostprocessing = 0;
		};
/* End PBXFrameworksBuildPhase section */

/* Begin PBXGroup section */
		637B3A78C05AD24768FA70ED /* Frameworks */ = {
			isa = PBXGroup;
			children = (
				CDDAD39220C5CB8F0047BF7C /* ARCL.framework */,
				CDDAD39420C5CB8F0047BF7C /* BTNavigationDropdownMenu.framework */,
				CDDAD39620C5CB8F0047BF7C /* FirebaseAuth.framework */,
				CDDAD39820C5CB8F0047BF7C /* FirebaseCore.framework */,
				CDDAD39A20C5CB8F0047BF7C /* FirebaseDatabase.framework */,
				CDDAD39C20C5CB8F0047BF7C /* FirebaseStorage.framework */,
				CDDAD39E20C5CB8F0047BF7C /* GoogleToolboxForMac.framework */,
				CDDAD3A020C5CB8F0047BF7C /* GTMSessionFetcher.framework */,
				CDDAD3A220C5CB8F0047BF7C /* KeychainSwift.framework */,
				CDDAD3A420C5CB8F0047BF7C /* leveldb.framework */,
				CDDAD3A620C5CB8F0047BF7C /* nanopb.framework */,
				CDDAD3A820C5CB8F0047BF7C /* SnapKit.framework */,
				1FF3D9376368C8D8012DD198 /* Pods_Mobile_Testing.framework */,
			);
			name = Frameworks;
			sourceTree = "<group>";
		};
		91EDADF257FC057BF9C9DABC /* Pods */ = {
			isa = PBXGroup;
			children = (
				F89FB8FA71625D4BD3D61C1A /* Pods-Mobile Testing.debug.xcconfig */,
				83EB4F493C774792C0D2F6D2 /* Pods-Mobile Testing.release.xcconfig */,
			);
			name = Pods;
			sourceTree = "<group>";
		};
		CD57227320C688D4007B9B72 /* Web Controllers */ = {
			isa = PBXGroup;
			children = (
				CD13BF6320C5FE2500F6BE98 /* JavaWeb.swift */,
				CD13BF6520C5FE4D00F6BE98 /* C++Web.swift */,
				CD13BF6720C5FE5B00F6BE98 /* SwiftWeb.swift */,
				CDDAD39020C5B47C0047BF7C /* AlgorithmsVC.swift */,
				CD13BF5420C5E54C00F6BE98 /* DataStructuresVC.swift */,
				CD13BF5620C5E74C00F6BE98 /* RegexVC.swift */,
				CD13BF5920C5F2DC00F6BE98 /* GoogleVC.swift */,
				CD13BF5B20C5F31600F6BE98 /* TutorialsPointVC.swift */,
			);
			name = "Web Controllers";
			sourceTree = "<group>";
		};
		CD57227420C68C19007B9B72 /* Testing Controllers */ = {
			isa = PBXGroup;
			children = (
				CD57227B20C6B814007B9B72 /* ResultVC.swift */,
				CD57227520C68C44007B9B72 /* JavaTestVC.swift */,
				CD57227720C68C5E007B9B72 /* C++TestVC.swift */,
				CD57227920C68C6D007B9B72 /* SwiftTestVC.swift */,
			);
			name = "Testing Controllers";
			sourceTree = "<group>";
		};
		CD9CB14520ADA0E80025E093 = {
			isa = PBXGroup;
			children = (
				CD9CB15020ADA0E80025E093 /* Mobile Testing */,
				CD9CB14F20ADA0E80025E093 /* Products */,
				91EDADF257FC057BF9C9DABC /* Pods */,
				637B3A78C05AD24768FA70ED /* Frameworks */,
			);
			sourceTree = "<group>";
		};
		CD9CB14F20ADA0E80025E093 /* Products */ = {
			isa = PBXGroup;
			children = (
				CD9CB14E20ADA0E80025E093 /* Mobile Testing.app */,
			);
			name = Products;
			sourceTree = "<group>";
		};
		CD9CB15020ADA0E80025E093 /* Mobile Testing */ = {
			isa = PBXGroup;
			children = (
				CD9CB16C20ADA28B0025E093 /* Services */,
				CD9CB16B20ADA27F0025E093 /* Utilities */,
				CD9CB16520ADA20E0025E093 /* Model */,
				CD9CB16420ADA2080025E093 /* View */,
				CD9CB16320ADA2010025E093 /* Controller */,
				CD9CB16620ADA2140025E093 /* Supporting Files */,
				CD9CB15120ADA0E90025E093 /* AppDelegate.swift */,
				CD9CB15520ADA0E90025E093 /* Main.storyboard */,
				CD9CB15820ADA0EA0025E093 /* Assets.xcassets */,
				CD9CB15A20ADA0EA0025E093 /* LaunchScreen.storyboard */,
				CD9CB15D20ADA0EA0025E093 /* Info.plist */,
				CD57227D20C72040007B9B72 /* GoogleService-Info.plist */,
				CD341B7A20C18ACB005D3EC9 /* GoogleService-Info.plist */,
			);
			path = "Mobile Testing";
			sourceTree = "<group>";
		};
		CD9CB16320ADA2010025E093 /* Controller */ = {
			isa = PBXGroup;
			children = (
				CD57227420C68C19007B9B72 /* Testing Controllers */,
				CD57227320C688D4007B9B72 /* Web Controllers */,
				CD9CB15320ADA0E90025E093 /* LeftMenu.swift */,
				CD105E2820B4D97F005A8446 /* QuizVC.swift */,
				CDAFAC1D20C339120003BF6F /* LoginVC.swift */,
				CDAFAC1F20C3392A0003BF6F /* CreateAccountVC.swift */,
				CD13BF5D20C5F69000F6BE98 /* JavaVC.swift */,
				CD13BF5F20C5F6A400F6BE98 /* C++VC.swift */,
				CD13BF6120C5F6B100F6BE98 /* SwiftVC.swift */,
			);
			path = Controller;
			sourceTree = "<group>";
		};
		CD9CB16420ADA2080025E093 /* View */ = {
			isa = PBXGroup;
			children = (
				CD105E2220B4D041005A8446 /* GradientView.swift */,
				CD105E2420B4D05E005A8446 /* RoundedButton.swift */,
				CD77675720B8460D00E789F9 /* CustomCell.swift */,
				CDBBC9B620C53DFE006A0546 /* AlertController.swift */,
			);
			path = View;
			sourceTree = "<group>";
		};
		CD9CB16520ADA20E0025E093 /* Model */ = {
			isa = PBXGroup;
			children = (
				CD77675920B84C2D00E789F9 /* LearningTopic.swift */,
			);
			path = Model;
			sourceTree = "<group>";
		};
		CD9CB16620ADA2140025E093 /* Supporting Files */ = {
			isa = PBXGroup;
			children = (
				CD13BF4620C5DD0800F6BE98 /* PFNavigationDropdownMenu.bundle */,
				CD13BF4E20C5DD0D00F6BE98 /* PFConfiguration.h */,
				CD13BF4A20C5DD0A00F6BE98 /* PFConfiguration.m */,
				CD13BF4420C5DD0600F6BE98 /* PFNavigationDropdownMenu.h */,
				CD13BF4520C5DD0700F6BE98 /* PFNavigationDropdownMenu.m */,
				CD13BF4820C5DD0900F6BE98 /* PFTableCellContentView.h */,
				CD13BF4D20C5DD0C00F6BE98 /* PFTableCellContentView.m */,
				CD13BF4B20C5DD0B00F6BE98 /* PFTableView.h */,
				CD13BF4C20C5DD0C00F6BE98 /* PFTableView.m */,
				CD13BF4720C5DD0800F6BE98 /* PFTableViewCell.h */,
				CD13BF4920C5DD0A00F6BE98 /* PFTableViewCell.m */,
				CD9CB16920ADA2260025E093 /* SWRevealViewController.h */,
				CD9CB16820ADA2250025E093 /* SWRevealViewController.m */,
				CD9CB16720ADA2250025E093 /* Mobile Testing-Bridging-Header.h */,
			);
			path = "Supporting Files";
			sourceTree = "<group>";
		};
		CD9CB16B20ADA27F0025E093 /* Utilities */ = {
			isa = PBXGroup;
			children = (
				CD105E2620B4D128005A8446 /* Constants.swift */,
			);
			path = Utilities;
			sourceTree = "<group>";
		};
		CD9CB16C20ADA28B0025E093 /* Services */ = {
			isa = PBXGroup;
			children = (
				CD77675B20B84E4700E789F9 /* DataService.swift */,
			);
			path = Services;
			sourceTree = "<group>";
		};
/* End PBXGroup section */

/* Begin PBXNativeTarget section */
		CD9CB14D20ADA0E80025E093 /* Mobile Testing */ = {
			isa = PBXNativeTarget;
			buildConfigurationList = CD9CB16020ADA0EA0025E093 /* Build configuration list for PBXNativeTarget "Mobile Testing" */;
			buildPhases = (
				6DEA7947CB0DA2A3D032A52D /* [CP] Check Pods Manifest.lock */,
				CD9CB14A20ADA0E80025E093 /* Sources */,
				CD9CB14B20ADA0E80025E093 /* Frameworks */,
				CD9CB14C20ADA0E80025E093 /* Resources */,
				9F6499599CBA449D39B84234 /* [CP] Embed Pods Frameworks */,
			);
			buildRules = (
			);
			dependencies = (
			);
			name = "Mobile Testing";
			productName = "Mobile Testing";
			productReference = CD9CB14E20ADA0E80025E093 /* Mobile Testing.app */;
			productType = "com.apple.product-type.application";
		};
/* End PBXNativeTarget section */

/* Begin PBXProject section */
		CD9CB14620ADA0E80025E093 /* Project object */ = {
			isa = PBXProject;
			attributes = {
				LastSwiftUpdateCheck = 0930;
				LastUpgradeCheck = 0930;
				ORGANIZATIONNAME = "Oforkanji Odekpe";
				TargetAttributes = {
					CD9CB14D20ADA0E80025E093 = {
						CreatedOnToolsVersion = 9.3.1;
						LastSwiftMigration = 0930;
					};
				};
			};
			buildConfigurationList = CD9CB14920ADA0E80025E093 /* Build configuration list for PBXProject "Mobile Testing" */;
			compatibilityVersion = "Xcode 9.3";
			developmentRegion = en;
			hasScannedForEncodings = 0;
			knownRegions = (
				en,
				Base,
			);
			mainGroup = CD9CB14520ADA0E80025E093;
			productRefGroup = CD9CB14F20ADA0E80025E093 /* Products */;
			projectDirPath = "";
			projectRoot = "";
			targets = (
				CD9CB14D20ADA0E80025E093 /* Mobile Testing */,
			);
		};
/* End PBXProject section */

/* Begin PBXResourcesBuildPhase section */
		CD9CB14C20ADA0E80025E093 /* Resources */ = {
			isa = PBXResourcesBuildPhase;
			buildActionMask = 2147483647;
			files = (
				CD9CB15C20ADA0EA0025E093 /* LaunchScreen.storyboard in Resources */,
				CD341B7B20C18ACB005D3EC9 /* GoogleService-Info.plist in Resources */,
				CD57227E20C72040007B9B72 /* GoogleService-Info.plist in Resources */,
				CD9CB15920ADA0EA0025E093 /* Assets.xcassets in Resources */,
				CD9CB15720ADA0E90025E093 /* Main.storyboard in Resources */,
			);
			runOnlyForDeploymentPostprocessing = 0;
		};
/* End PBXResourcesBuildPhase section */

/* Begin PBXShellScriptBuildPhase section */
		6DEA7947CB0DA2A3D032A52D /* [CP] Check Pods Manifest.lock */ = {
			isa = PBXShellScriptBuildPhase;
			buildActionMask = 2147483647;
			files = (
			);
			inputPaths = (
				"${PODS_PODFILE_DIR_PATH}/Podfile.lock",
				"${PODS_ROOT}/Manifest.lock",
			);
			name = "[CP] Check Pods Manifest.lock";
			outputPaths = (
				"$(DERIVED_FILE_DIR)/Pods-Mobile Testing-checkManifestLockResult.txt",
			);
			runOnlyForDeploymentPostprocessing = 0;
			shellPath = /bin/sh;
			shellScript = "diff \"${PODS_PODFILE_DIR_PATH}/Podfile.lock\" \"${PODS_ROOT}/Manifest.lock\" > /dev/null\nif [ $? != 0 ] ; then\n    # print error to STDERR\n    echo \"error: The sandbox is not in sync with the Podfile.lock. Run 'pod install' or update your CocoaPods installation.\" >&2\n    exit 1\nfi\n# This output is used by Xcode 'outputs' to avoid re-running this script phase.\necho \"SUCCESS\" > \"${SCRIPT_OUTPUT_FILE_0}\"\n";
			showEnvVarsInLog = 0;
		};
		9F6499599CBA449D39B84234 /* [CP] Embed Pods Frameworks */ = {
			isa = PBXShellScriptBuildPhase;
			buildActionMask = 2147483647;
			files = (
			);
			inputPaths = (
				"${SRCROOT}/Pods/Target Support Files/Pods-Mobile Testing/Pods-Mobile Testing-frameworks.sh",
				"${BUILT_PRODUCTS_DIR}/ARCL/ARCL.framework",
				"${BUILT_PRODUCTS_DIR}/DropDownMenuKit/DropDownMenuKit.framework",
				"${BUILT_PRODUCTS_DIR}/GTMSessionFetcher/GTMSessionFetcher.framework",
				"${BUILT_PRODUCTS_DIR}/GoogleToolboxForMac/GoogleToolboxForMac.framework",
				"${BUILT_PRODUCTS_DIR}/KeychainSwift/KeychainSwift.framework",
				"${BUILT_PRODUCTS_DIR}/SnapKit/SnapKit.framework",
				"${BUILT_PRODUCTS_DIR}/leveldb-library/leveldb.framework",
				"${BUILT_PRODUCTS_DIR}/nanopb/nanopb.framework",
			);
			name = "[CP] Embed Pods Frameworks";
			outputPaths = (
				"${TARGET_BUILD_DIR}/${FRAMEWORKS_FOLDER_PATH}/ARCL.framework",
				"${TARGET_BUILD_DIR}/${FRAMEWORKS_FOLDER_PATH}/DropDownMenuKit.framework",
				"${TARGET_BUILD_DIR}/${FRAMEWORKS_FOLDER_PATH}/GTMSessionFetcher.framework",
				"${TARGET_BUILD_DIR}/${FRAMEWORKS_FOLDER_PATH}/GoogleToolboxForMac.framework",
				"${TARGET_BUILD_DIR}/${FRAMEWORKS_FOLDER_PATH}/KeychainSwift.framework",
				"${TARGET_BUILD_DIR}/${FRAMEWORKS_FOLDER_PATH}/SnapKit.framework",
				"${TARGET_BUILD_DIR}/${FRAMEWORKS_FOLDER_PATH}/leveldb.framework",
				"${TARGET_BUILD_DIR}/${FRAMEWORKS_FOLDER_PATH}/nanopb.framework",
			);
			runOnlyForDeploymentPostprocessing = 0;
			shellPath = /bin/sh;
			shellScript = "\"${SRCROOT}/Pods/Target Support Files/Pods-Mobile Testing/Pods-Mobile Testing-frameworks.sh\"\n";
			showEnvVarsInLog = 0;
		};
/* End PBXShellScriptBuildPhase section */

/* Begin PBXSourcesBuildPhase section */
		CD9CB14A20ADA0E80025E093 /* Sources */ = {
			isa = PBXSourcesBuildPhase;
			buildActionMask = 2147483647;
			files = (
				CD9CB15420ADA0E90025E093 /* LeftMenu.swift in Sources */,
				CDBBC9B720C53DFE006A0546 /* AlertController.swift in Sources */,
				CDAFAC2020C3392A0003BF6F /* CreateAccountVC.swift in Sources */,
				CD13BF5220C5DD0D00F6BE98 /* PFTableView.m in Sources */,
				CD13BF6420C5FE2500F6BE98 /* JavaWeb.swift in Sources */,
				CD77675A20B84C2D00E789F9 /* LearningTopic.swift in Sources */,
				CDAFAC1E20C339120003BF6F /* LoginVC.swift in Sources */,
				CD105E2920B4D97F005A8446 /* QuizVC.swift in Sources */,
				CD13BF5A20C5F2DC00F6BE98 /* GoogleVC.swift in Sources */,
				CD105E2520B4D05E005A8446 /* RoundedButton.swift in Sources */,
				CD9CB15220ADA0E90025E093 /* AppDelegate.swift in Sources */,
				CD13BF5120C5DD0D00F6BE98 /* PFConfiguration.m in Sources */,
				CD77675C20B84E4700E789F9 /* DataService.swift in Sources */,
				CD13BF5E20C5F69000F6BE98 /* JavaVC.swift in Sources */,
				CD57227620C68C44007B9B72 /* JavaTestVC.swift in Sources */,
				CD77675820B8460D00E789F9 /* CustomCell.swift in Sources */,
				CD13BF5020C5DD0D00F6BE98 /* PFTableViewCell.m in Sources */,
				CDDAD39120C5B47C0047BF7C /* AlgorithmsVC.swift in Sources */,
				CD105E2320B4D041005A8446 /* GradientView.swift in Sources */,
				CD57227C20C6B814007B9B72 /* ResultVC.swift in Sources */,
				CD13BF6020C5F6A400F6BE98 /* C++VC.swift in Sources */,
				CD13BF5720C5E74C00F6BE98 /* RegexVC.swift in Sources */,
				CD13BF4F20C5DD0D00F6BE98 /* PFNavigationDropdownMenu.m in Sources */,
				CD13BF5C20C5F31600F6BE98 /* TutorialsPointVC.swift in Sources */,
				CD9CB16A20ADA2260025E093 /* SWRevealViewController.m in Sources */,
				CD13BF6220C5F6B100F6BE98 /* SwiftVC.swift in Sources */,
				CD57227A20C68C6D007B9B72 /* SwiftTestVC.swift in Sources */,
				CD105E2720B4D128005A8446 /* Constants.swift in Sources */,
				CD13BF6620C5FE4D00F6BE98 /* C++Web.swift in Sources */,
				CD57227820C68C5E007B9B72 /* C++TestVC.swift in Sources */,
				CD13BF5520C5E54C00F6BE98 /* DataStructuresVC.swift in Sources */,
				CD13BF6820C5FE5B00F6BE98 /* SwiftWeb.swift in Sources */,
				CD13BF5320C5DD0D00F6BE98 /* PFTableCellContentView.m in Sources */,
			);
			runOnlyForDeploymentPostprocessing = 0;
		};
/* End PBXSourcesBuildPhase section */

/* Begin PBXVariantGroup section */
		CD9CB15520ADA0E90025E093 /* Main.storyboard */ = {
			isa = PBXVariantGroup;
			children = (
				CD9CB15620ADA0E90025E093 /* Base */,
			);
			name = Main.storyboard;
			sourceTree = "<group>";
		};
		CD9CB15A20ADA0EA0025E093 /* LaunchScreen.storyboard */ = {
			isa = PBXVariantGroup;
			children = (
				CD9CB15B20ADA0EA0025E093 /* Base */,
			);
			name = LaunchScreen.storyboard;
			sourceTree = "<group>";
		};
/* End PBXVariantGroup section */

/* Begin XCBuildConfiguration section */
		CD9CB15E20ADA0EA0025E093 /* Debug */ = {
			isa = XCBuildConfiguration;
			baseConfigurationReference = 83EB4F493C774792C0D2F6D2 /* Pods-Mobile Testing.release.xcconfig */;
			buildSettings = {
				ALWAYS_SEARCH_USER_PATHS = NO;
				CLANG_ANALYZER_NONNULL = YES;
				CLANG_ANALYZER_NUMBER_OBJECT_CONVERSION = YES_AGGRESSIVE;
				CLANG_CXX_LANGUAGE_STANDARD = "gnu++14";
				CLANG_CXX_LIBRARY = "libc++";
				CLANG_ENABLE_MODULES = YES;
				CLANG_ENABLE_OBJC_ARC = YES;
				CLANG_ENABLE_OBJC_WEAK = YES;
				CLANG_WARN_BLOCK_CAPTURE_AUTORELEASING = YES;
				CLANG_WARN_BOOL_CONVERSION = YES;
				CLANG_WARN_COMMA = YES;
				CLANG_WARN_CONSTANT_CONVERSION = YES;
				CLANG_WARN_DEPRECATED_OBJC_IMPLEMENTATIONS = YES;
				CLANG_WARN_DIRECT_OBJC_ISA_USAGE = YES_ERROR;
				CLANG_WARN_DOCUMENTATION_COMMENTS = YES;
				CLANG_WARN_EMPTY_BODY = YES;
				CLANG_WARN_ENUM_CONVERSION = YES;
				CLANG_WARN_INFINITE_RECURSION = YES;
				CLANG_WARN_INT_CONVERSION = YES;
				CLANG_WARN_NON_LITERAL_NULL_CONVERSION = YES;
				CLANG_WARN_OBJC_IMPLICIT_RETAIN_SELF = YES;
				CLANG_WARN_OBJC_LITERAL_CONVERSION = YES;
				CLANG_WARN_OBJC_ROOT_CLASS = YES_ERROR;
				CLANG_WARN_RANGE_LOOP_ANALYSIS = YES;
				CLANG_WARN_STRICT_PROTOTYPES = YES;
				CLANG_WARN_SUSPICIOUS_MOVE = YES;
				CLANG_WARN_UNGUARDED_AVAILABILITY = YES_AGGRESSIVE;
				CLANG_WARN_UNREACHABLE_CODE = YES;
				CLANG_WARN__DUPLICATE_METHOD_MATCH = YES;
				CODE_SIGN_IDENTITY = "iPhone Developer";
				COPY_PHASE_STRIP = NO;
				DEBUG_INFORMATION_FORMAT = dwarf;
				ENABLE_STRICT_OBJC_MSGSEND = YES;
				ENABLE_TESTABILITY = YES;
				GCC_C_LANGUAGE_STANDARD = gnu11;
				GCC_DYNAMIC_NO_PIC = NO;
				GCC_NO_COMMON_BLOCKS = YES;
				GCC_OPTIMIZATION_LEVEL = 0;
				GCC_PREPROCESSOR_DEFINITIONS = (
					"DEBUG=1",
					"$(inherited)",
				);
				GCC_WARN_64_TO_32_BIT_CONVERSION = YES;
				GCC_WARN_ABOUT_RETURN_TYPE = YES_ERROR;
				GCC_WARN_UNDECLARED_SELECTOR = YES;
				GCC_WARN_UNINITIALIZED_AUTOS = YES_AGGRESSIVE;
				GCC_WARN_UNUSED_FUNCTION = YES;
				GCC_WARN_UNUSED_VARIABLE = YES;
				IPHONEOS_DEPLOYMENT_TARGET = 11.3;
				MTL_ENABLE_DEBUG_INFO = YES;
				ONLY_ACTIVE_ARCH = YES;
				SDKROOT = iphoneos;
				SWIFT_ACTIVE_COMPILATION_CONDITIONS = DEBUG;
				SWIFT_OPTIMIZATION_LEVEL = "-Onone";
			};
			name = Debug;
		};
		CD9CB15F20ADA0EA0025E093 /* Release */ = {
			isa = XCBuildConfiguration;
			baseConfigurationReference = 83EB4F493C774792C0D2F6D2 /* Pods-Mobile Testing.release.xcconfig */;
			buildSettings = {
				ALWAYS_SEARCH_USER_PATHS = NO;
				CLANG_ANALYZER_NONNULL = YES;
				CLANG_ANALYZER_NUMBER_OBJECT_CONVERSION = YES_AGGRESSIVE;
				CLANG_CXX_LANGUAGE_STANDARD = "gnu++14";
				CLANG_CXX_LIBRARY = "libc++";
				CLANG_ENABLE_MODULES = YES;
				CLANG_ENABLE_OBJC_ARC = YES;
				CLANG_ENABLE_OBJC_WEAK = YES;
				CLANG_WARN_BLOCK_CAPTURE_AUTORELEASING = YES;
				CLANG_WARN_BOOL_CONVERSION = YES;
				CLANG_WARN_COMMA = YES;
				CLANG_WARN_CONSTANT_CONVERSION = YES;
				CLANG_WARN_DEPRECATED_OBJC_IMPLEMENTATIONS = YES;
				CLANG_WARN_DIRECT_OBJC_ISA_USAGE = YES_ERROR;
				CLANG_WARN_DOCUMENTATION_COMMENTS = YES;
				CLANG_WARN_EMPTY_BODY = YES;
				CLANG_WARN_ENUM_CONVERSION = YES;
				CLANG_WARN_INFINITE_RECURSION = YES;
				CLANG_WARN_INT_CONVERSION = YES;
				CLANG_WARN_NON_LITERAL_NULL_CONVERSION = YES;
				CLANG_WARN_OBJC_IMPLICIT_RETAIN_SELF = YES;
				CLANG_WARN_OBJC_LITERAL_CONVERSION = YES;
				CLANG_WARN_OBJC_ROOT_CLASS = YES_ERROR;
				CLANG_WARN_RANGE_LOOP_ANALYSIS = YES;
				CLANG_WARN_STRICT_PROTOTYPES = YES;
				CLANG_WARN_SUSPICIOUS_MOVE = YES;
				CLANG_WARN_UNGUARDED_AVAILABILITY = YES_AGGRESSIVE;
				CLANG_WARN_UNREACHABLE_CODE = YES;
				CLANG_WARN__DUPLICATE_METHOD_MATCH = YES;
				CODE_SIGN_IDENTITY = "iPhone Developer";
				COPY_PHASE_STRIP = NO;
				DEBUG_INFORMATION_FORMAT = "dwarf-with-dsym";
				ENABLE_NS_ASSERTIONS = NO;
				ENABLE_STRICT_OBJC_MSGSEND = YES;
				GCC_C_LANGUAGE_STANDARD = gnu11;
				GCC_NO_COMMON_BLOCKS = YES;
				GCC_WARN_64_TO_32_BIT_CONVERSION = YES;
				GCC_WARN_ABOUT_RETURN_TYPE = YES_ERROR;
				GCC_WARN_UNDECLARED_SELECTOR = YES;
				GCC_WARN_UNINITIALIZED_AUTOS = YES_AGGRESSIVE;
				GCC_WARN_UNUSED_FUNCTION = YES;
				GCC_WARN_UNUSED_VARIABLE = YES;
				IPHONEOS_DEPLOYMENT_TARGET = 11.3;
				MTL_ENABLE_DEBUG_INFO = NO;
				SDKROOT = iphoneos;
				SWIFT_COMPILATION_MODE = wholemodule;
				SWIFT_OPTIMIZATION_LEVEL = "-O";
				VALIDATE_PRODUCT = YES;
			};
			name = Release;
		};
		CD9CB16120ADA0EA0025E093 /* Debug */ = {
			isa = XCBuildConfiguration;
			baseConfigurationReference = F89FB8FA71625D4BD3D61C1A /* Pods-Mobile Testing.debug.xcconfig */;
			buildSettings = {
				ASSETCATALOG_COMPILER_APPICON_NAME = AppIcon;
				CLANG_ENABLE_MODULES = YES;
				CODE_SIGN_STYLE = Automatic;
				DEVELOPMENT_TEAM = W87L6W32DM;
				INFOPLIST_FILE = "Mobile Testing/Info.plist";
				LD_RUNPATH_SEARCH_PATHS = (
					"$(inherited)",
					"@executable_path/Frameworks",
				);
				PRODUCT_BUNDLE_IDENTIFIER = "com.example.Mobile-Testing";
				PRODUCT_NAME = "$(TARGET_NAME)";
				SWIFT_OBJC_BRIDGING_HEADER = "Mobile Testing/Supporting Files/Mobile Testing-Bridging-Header.h";
				SWIFT_OPTIMIZATION_LEVEL = "-Onone";
				SWIFT_VERSION = 4.0;
				TARGETED_DEVICE_FAMILY = 1;
			};
			name = Debug;
		};
		CD9CB16220ADA0EA0025E093 /* Release */ = {
			isa = XCBuildConfiguration;
			baseConfigurationReference = 83EB4F493C774792C0D2F6D2 /* Pods-Mobile Testing.release.xcconfig */;
			buildSettings = {
				ASSETCATALOG_COMPILER_APPICON_NAME = AppIcon;
				CLANG_ENABLE_MODULES = YES;
				CODE_SIGN_STYLE = Automatic;
				DEVELOPMENT_TEAM = W87L6W32DM;
				INFOPLIST_FILE = "Mobile Testing/Info.plist";
				LD_RUNPATH_SEARCH_PATHS = (
					"$(inherited)",
					"@executable_path/Frameworks",
				);
				PRODUCT_BUNDLE_IDENTIFIER = "com.example.Mobile-Testing";
				PRODUCT_NAME = "$(TARGET_NAME)";
				SWIFT_OBJC_BRIDGING_HEADER = "Mobile Testing/Supporting Files/Mobile Testing-Bridging-Header.h";
				SWIFT_VERSION = 4.0;
				TARGETED_DEVICE_FAMILY = 1;
			};
			name = Release;
		};
/* End XCBuildConfiguration section */

/* Begin XCConfigurationList section */
		CD9CB14920ADA0E80025E093 /* Build configuration list for PBXProject "Mobile Testing" */ = {
			isa = XCConfigurationList;
			buildConfigurations = (
				CD9CB15E20ADA0EA0025E093 /* Debug */,
				CD9CB15F20ADA0EA0025E093 /* Release */,
			);
			defaultConfigurationIsVisible = 0;
			defaultConfigurationName = Release;
		};
		CD9CB16020ADA0EA0025E093 /* Build configuration list for PBXNativeTarget "Mobile Testing" */ = {
			isa = XCConfigurationList;
			buildConfigurations = (
				CD9CB16120ADA0EA0025E093 /* Debug */,
				CD9CB16220ADA0EA0025E093 /* Release */,
			);
			defaultConfigurationIsVisible = 0;
			defaultConfigurationName = Release;
		};
/* End XCConfigurationList section */
	};
	rootObject = CD9CB14620ADA0E80025E093 /* Project object */;
}
